{
  "name": "garden",
  "lockfileVersion": 3,
  "requires": true,
  "packages": {
    "": {
      "dependencies": {
        "open-crop-icons": "github:openfarmcc/open-crop-icons"
      }
    },
    "node_modules/open-crop-icons": {
      "version": "1.0.0",
      "resolved": "git+ssh://git@github.com/openfarmcc/open-crop-icons.git#d41f1197a14bb82f12037dc47585152ae1e3074f",
      "license": "CC0-1.0"
    }
  }
}
